
Microsoft Visual Studio Solution File, Format Version 12.00
# Visual Studio 2013
VisualStudioVersion = 12.0.21005.1
MinimumVisualStudioVersion = 10.0.40219.1
Project("{2150E333-8FDC-42A3-9474-1A3956D46DE8}") = ".nuget", ".nuget", "{81EC5163-064E-4FE8-9CAF-5C50B6901B51}"
	ProjectSection(SolutionItems) = preProject
		.nuget\NuGet.Config = .nuget\NuGet.Config
		.nuget\NuGet.exe = .nuget\NuGet.exe
		.nuget\NuGet.targets = .nuget\NuGet.targets
	EndProjectSection
EndProject
Project("{FAE04EC0-301F-11D3-BF4B-00C04F79EFBC}") = "Zirpl.Metrics.MixPanel.Portable", "Zirpl.Metrics.MixPanel.Portable\Zirpl.Metrics.MixPanel.Portable.csproj", "{DAFD0E0F-43DF-43CF-A631-AA680FC0D86D}"
EndProject
Project("{FAE04EC0-301F-11D3-BF4B-00C04F79EFBC}") = "Zirpl.Metrics.MixPanel.Portable.Tests", "Zirpl.Metrics.MixPanel.Portable.Tests\Zirpl.Metrics.MixPanel.Portable.Tests.csproj", "{BF36AB3A-19C3-4AFF-9991-2A62797E6509}"
EndProject
Project("{2150E333-8FDC-42A3-9474-1A3956D46DE8}") = ".build", ".build", "{B6DC248D-D386-4379-9989-37AD669E885F}"
	ProjectSection(SolutionItems) = preProject
		.build\FixAssemblyVersions.proj = .build\FixAssemblyVersions.proj
		.build\MSBuild.Community.Tasks.dll = .build\MSBuild.Community.Tasks.dll
		.build\MSBuild.Community.Tasks.targets = .build\MSBuild.Community.Tasks.targets
	EndProjectSection
EndProject
Global
	GlobalSection(SolutionConfigurationPlatforms) = preSolution
		Debug|Any CPU = Debug|Any CPU
		Release|Any CPU = Release|Any CPU
	EndGlobalSection
	GlobalSection(ProjectConfigurationPlatforms) = postSolution
		{DAFD0E0F-43DF-43CF-A631-AA680FC0D86D}.Debug|Any CPU.ActiveCfg = Debug|Any CPU
		{DAFD0E0F-43DF-43CF-A631-AA680FC0D86D}.Debug|Any CPU.Build.0 = Debug|Any CPU
		{DAFD0E0F-43DF-43CF-A631-AA680FC0D86D}.Release|Any CPU.ActiveCfg = Release|Any CPU
		{DAFD0E0F-43DF-43CF-A631-AA680FC0D86D}.Release|Any CPU.Build.0 = Release|Any CPU
		{BF36AB3A-19C3-4AFF-9991-2A62797E6509}.Debug|Any CPU.ActiveCfg = Debug|Any CPU
		{BF36AB3A-19C3-4AFF-9991-2A62797E6509}.Debug|Any CPU.Build.0 = Debug|Any CPU
		{BF36AB3A-19C3-4AFF-9991-2A62797E6509}.Release|Any CPU.ActiveCfg = Release|Any CPU
		{BF36AB3A-19C3-4AFF-9991-2A62797E6509}.Release|Any CPU.Build.0 = Release|Any CPU
	EndGlobalSection
	GlobalSection(SolutionProperties) = preSolution
		HideSolutionNode = FALSE
	EndGlobalSection
EndGlobal
